# THIS IS AN AUTOGENERATED FILE. DO NOT EDIT THIS FILE DIRECTLY.
# yarn lockfile v1


"@antfu/utils@^0.5.2":
  version "0.5.2"
  resolved "https://registry.npmjs.org/@antfu/utils/-/utils-0.5.2.tgz"
  integrity sha512-CQkeV+oJxUazwjlHD0/3ZD08QWKuGQkhnrKo3e6ly5pd48VUpXbb77q0xMU4+vc2CkJnDS02Eq/M9ugyX20XZA==

"@babel/parser@^7.24.4":
  version "7.24.6"
  resolved "https://registry.npmjs.org/@babel/parser/-/parser-7.24.6.tgz"
  integrity sha512-eNZXdfU35nJC2h24RznROuOpO94h6x8sg9ju0tT9biNtLZ2vuP8SduLqqV+/8+cebSLV9SJEAN5Z3zQbJG/M+Q==

"@ctrl/tinycolor@^3.4.1":
  version "3.4.1"
  resolved "https://registry.npmjs.org/@ctrl/tinycolor/-/tinycolor-3.4.1.tgz"
  integrity sha512-ej5oVy6lykXsvieQtqZxCOaLT+xD4+QNarq78cIYISHmZXshCvROLudpQN3lfL8G0NL7plMSSK+zlyvCaIJ4Iw==

"@element-plus/icons-vue@^2.0.6", "@element-plus/icons-vue@^2.3.1":
  version "2.3.1"
  resolved "https://registry.npmjs.org/@element-plus/icons-vue/-/icons-vue-2.3.1.tgz"
  integrity sha512-XxVUZv48RZAd87ucGS48jPf6pKu0yV5UCg9f4FFwtrYxXOwWuVJo6wOvSLKEoMQKjv8GsX/mhP6UsC1lRwbUWg==

"@esbuild/darwin-x64@0.20.2":
  version "0.20.2"
  resolved "https://registry.npmjs.org/@esbuild/darwin-x64/-/darwin-x64-0.20.2.tgz"
  integrity sha512-tBcXp9KNphnNH0dfhv8KYkZhjc+H3XBkF5DKtswJblV7KlT9EI2+jeA8DgBjp908WEuYll6pF+UStUCfEpdysA==

"@esbuild/darwin-x64@0.21.4":
  version "0.21.4"
  resolved "https://registry.npmjs.org/@esbuild/darwin-x64/-/darwin-x64-0.21.4.tgz"
  integrity sha512-uBsuwRMehGmw1JC7Vecu/upOjTsMhgahmDkWhGLWxIgUn2x/Y4tIwUZngsmVb6XyPSTXJYS4YiASKPcm9Zitag==

"@floating-ui/core@^1.0.1":
  version "1.0.1"
  resolved "https://registry.npmjs.org/@floating-ui/core/-/core-1.0.1.tgz"
  integrity sha512-bO37brCPfteXQfFY0DyNDGB3+IMe4j150KFQcgJ5aBP295p9nBGeHEs/p0czrRbtlHq4Px/yoPXO/+dOCcF4uA==

"@floating-ui/dom@^1.0.1":
  version "1.0.2"
  resolved "https://registry.npmjs.org/@floating-ui/dom/-/dom-1.0.2.tgz"
  integrity sha512-5X9WSvZ8/fjy3gDu8yx9HAA4KG1lazUN2P4/VnaXLxTO9Dz53HI1oYoh1OlhqFNlHgGDiwFX5WhFCc2ljbW3yA==
  dependencies:
    "@floating-ui/core" "^1.0.1"

"@intlify/core-base@9.2.2":
  version "9.2.2"
  resolved "https://registry.npmjs.org/@intlify/core-base/-/core-base-9.2.2.tgz"
  integrity sha512-JjUpQtNfn+joMbrXvpR4hTF8iJQ2sEFzzK3KIESOx+f+uwIjgw20igOyaIdhfsVVBCds8ZM64MoeNSx+PHQMkA==
  dependencies:
    "@intlify/devtools-if" "9.2.2"
    "@intlify/message-compiler" "9.2.2"
    "@intlify/shared" "9.2.2"
    "@intlify/vue-devtools" "9.2.2"

"@intlify/devtools-if@9.2.2":
  version "9.2.2"
  resolved "https://registry.npmjs.org/@intlify/devtools-if/-/devtools-if-9.2.2.tgz"
  integrity sha512-4ttr/FNO29w+kBbU7HZ/U0Lzuh2cRDhP8UlWOtV9ERcjHzuyXVZmjyleESK6eVP60tGC9QtQW9yZE+JeRhDHkg==
  dependencies:
    "@intlify/shared" "9.2.2"

"@intlify/message-compiler@9.2.2":
  version "9.2.2"
  resolved "https://registry.npmjs.org/@intlify/message-compiler/-/message-compiler-9.2.2.tgz"
  integrity sha512-IUrQW7byAKN2fMBe8z6sK6riG1pue95e5jfokn8hA5Q3Bqy4MBJ5lJAofUsawQJYHeoPJ7svMDyBaVJ4d0GTtA==
  dependencies:
    "@intlify/shared" "9.2.2"
    source-map "0.6.1"

"@intlify/shared@9.2.2":
  version "9.2.2"
  resolved "https://registry.npmjs.org/@intlify/shared/-/shared-9.2.2.tgz"
  integrity sha512-wRwTpsslgZS5HNyM7uDQYZtxnbI12aGiBZURX3BTR9RFIKKRWpllTsgzHWvj3HKm3Y2Sh5LPC1r0PDCKEhVn9Q==

"@intlify/vue-devtools@9.2.2":
  version "9.2.2"
  resolved "https://registry.npmjs.org/@intlify/vue-devtools/-/vue-devtools-9.2.2.tgz"
  integrity sha512-+dUyqyCHWHb/UcvY1MlIpO87munedm3Gn6E9WWYdWrMuYLcoIoOEVDWSS8xSwtlPU+kA+MEQTP6Q1iI/ocusJg==
  dependencies:
    "@intlify/core-base" "9.2.2"
    "@intlify/shared" "9.2.2"

"@jridgewell/sourcemap-codec@^1.4.15":
  version "1.4.15"
  resolved "https://registry.npmjs.org/@jridgewell/sourcemap-codec/-/sourcemap-codec-1.4.15.tgz"
  integrity sha512-eF2rxCRulEKXHTRiDrDy6erMYWqNw4LPdQ8UQA4huuxaQsVeRPFl2oM8oDGxMFhJUWZf9McpLtJasDDZb/Bpeg==

"@nodelib/fs.scandir@2.1.5":
  version "2.1.5"
  resolved "https://registry.npmjs.org/@nodelib/fs.scandir/-/fs.scandir-2.1.5.tgz"
  integrity sha512-vq24Bq3ym5HEQm2NKCr3yXDwjc7vTsEThRDnkp2DK9p1uqLR+DHurm/NOTo0KG7HYHU7eppKZj3MyqYuMBf62g==
  dependencies:
    "@nodelib/fs.stat" "2.0.5"
    run-parallel "^1.1.9"

"@nodelib/fs.stat@^2.0.2", "@nodelib/fs.stat@2.0.5":
  version "2.0.5"
  resolved "https://registry.npmjs.org/@nodelib/fs.stat/-/fs.stat-2.0.5.tgz"
  integrity sha512-RkhPPp2zrqDAQA/2jNhnztcPAlv64XdhIp7a7454A5ovI7Bukxgt7MX7udwAu3zg1DcpPU0rz3VV1SeaqvY4+A==

"@nodelib/fs.walk@^1.2.3":
  version "1.2.8"
  resolved "https://registry.npmjs.org/@nodelib/fs.walk/-/fs.walk-1.2.8.tgz"
  integrity sha512-oGB+UxlgWcgQkgwo8GcEGwemoTFt3FIO9ababBmaGwXIoBKZ+GTy0pP185beGg7Llih/NSHSV2XAs1lnznocSg==
  dependencies:
    "@nodelib/fs.scandir" "2.1.5"
    fastq "^1.6.0"

"@popperjs/core@npm:@sxzz/popperjs-es@^2.11.7":
  version "2.11.7"
  resolved "https://registry.npmjs.org/@sxzz/popperjs-es/-/popperjs-es-2.11.7.tgz"
  integrity sha512-Ccy0NlLkzr0Ex2FKvh2X+OyERHXJ88XJ1MXtsI9y9fGexlaXaVTPzBCRBwIxFkORuOb+uBqeu+RqnpgYTEZRUQ==

"@rollup/pluginutils@^4.2.1":
  version "4.2.1"
  resolved "https://registry.npmjs.org/@rollup/pluginutils/-/pluginutils-4.2.1.tgz"
  integrity sha512-iKnFXr7NkdZAIHiIWE+BX5ULi/ucVFYWD6TbAV+rZctiRTY2PL6tsIKhoIOaoskiWAkgu+VsbXgUVDNLHf+InQ==
  dependencies:
    estree-walker "^2.0.1"
    picomatch "^2.2.2"

"@rollup/rollup-darwin-x64@4.18.0":
  version "4.18.0"
  resolved "https://registry.npmjs.org/@rollup/rollup-darwin-x64/-/rollup-darwin-x64-4.18.0.tgz"
  integrity sha512-n2LMsUz7Ynu7DoQrSQkBf8iNrjOGyPLrdSg802vk6XT3FtsgX6JbE8IHRvposskFm9SNxzkLYGSq9QdpLYpRNA==

"@smallwei/avue@^3.4.3":
  version "3.4.3"
  resolved "https://registry.npmjs.org/@smallwei/avue/-/avue-3.4.3.tgz"
  integrity sha512-CgiS4SSnwNQhIQpFY80t3GjLH3687DYGlz7Ge8KyeDqVwZ5PqQ1Mh1FMAGpEScCf6T/yw8jUcAX4tOuamyCBzg==
  dependencies:
    "@element-plus/icons-vue" "^2.0.6"
    countup.js "^1.9.3"
    dayjs "^1.10.4"

"@types/estree@1.0.5":
  version "1.0.5"
  resolved "https://registry.npmjs.org/@types/estree/-/estree-1.0.5.tgz"
  integrity sha512-/kYRxGDLWzHOB7q+wtSUQlFrtcdUccpfy+X+9iMBpHK8QLLhx2wIPYuS5DYtR9Wa/YlZAbIovy7qVdB1Aq6Lyw==

"@types/lodash-es@*", "@types/lodash-es@^4.17.6":
  version "4.17.6"
  resolved "https://registry.npmjs.org/@types/lodash-es/-/lodash-es-4.17.6.tgz"
  integrity sha512-R+zTeVUKDdfoRxpAryaQNRKk3105Rrgx2CFRClIgRGaqDTdjsm8h6IYA8ir584W3ePzkZfst5xIgDwYrlh9HLg==
  dependencies:
    "@types/lodash" "*"

"@types/lodash@*", "@types/lodash@^4.14.182":
  version "4.14.186"
  resolved "https://registry.npmjs.org/@types/lodash/-/lodash-4.14.186.tgz"
  integrity sha512-eHcVlLXP0c2FlMPm56ITode2AgLMSa6aJ05JTTbYbI+7EMkCEE5qk2E41d5g2lCVTqRe0GnnRFurmlCsDODrPw==

"@types/node@^18.0.0 || >=20.0.0":
  version "18.7.23"
  resolved "https://registry.npmjs.org/@types/node/-/node-18.7.23.tgz"
  integrity sha512-DWNcCHolDq0ZKGizjx2DZjR/PqsYwAcYUJmfMWqtVU2MBMG5Mo+xFZrhGId5r/O5HOuMPyQEcM6KUBp5lBZZBg==

"@types/web-bluetooth@^0.0.15":
  version "0.0.15"
  resolved "https://registry.npmjs.org/@types/web-bluetooth/-/web-bluetooth-0.0.15.tgz"
  integrity sha512-w7hEHXnPMEZ+4nGKl/KDRVpxkwYxYExuHOYXyzIzCDzEZ9ZCGMAewulr9IqJu2LR4N37fcnb1XVeuZ09qgOxhA==

"@vitejs/plugin-vue@^5.0.4":
  version "5.0.4"
  resolved "https://registry.npmjs.org/@vitejs/plugin-vue/-/plugin-vue-5.0.4.tgz"
  integrity sha512-WS3hevEszI6CEVEx28F8RjTX97k3KsrcY6kvTg7+Whm5y3oYvcqzVeGCU3hxSAn4uY2CLCkeokkGKpoctccilQ==

"@vue/compiler-core@3.4.27":
  version "3.4.27"
  resolved "https://registry.npmjs.org/@vue/compiler-core/-/compiler-core-3.4.27.tgz"
  integrity sha512-E+RyqY24KnyDXsCuQrI+mlcdW3ALND6U7Gqa/+bVwbcpcR3BRRIckFoz7Qyd4TTlnugtwuI7YgjbvsLmxb+yvg==
  dependencies:
    "@babel/parser" "^7.24.4"
    "@vue/shared" "3.4.27"
    entities "^4.5.0"
    estree-walker "^2.0.2"
    source-map-js "^1.2.0"

"@vue/compiler-dom@3.4.27":
  version "3.4.27"
  resolved "https://registry.npmjs.org/@vue/compiler-dom/-/compiler-dom-3.4.27.tgz"
  integrity sha512-kUTvochG/oVgE1w5ViSr3KUBh9X7CWirebA3bezTbB5ZKBQZwR2Mwj9uoSKRMFcz4gSMzzLXBPD6KpCLb9nvWw==
  dependencies:
    "@vue/compiler-core" "3.4.27"
    "@vue/shared" "3.4.27"

"@vue/compiler-sfc@^3.2.29", "@vue/compiler-sfc@^3.4.27", "@vue/compiler-sfc@3.4.27":
  version "3.4.27"
  resolved "https://registry.npmjs.org/@vue/compiler-sfc/-/compiler-sfc-3.4.27.tgz"
  integrity sha512-nDwntUEADssW8e0rrmE0+OrONwmRlegDA1pD6QhVeXxjIytV03yDqTey9SBDiALsvAd5U4ZrEKbMyVXhX6mCGA==
  dependencies:
    "@babel/parser" "^7.24.4"
    "@vue/compiler-core" "3.4.27"
    "@vue/compiler-dom" "3.4.27"
    "@vue/compiler-ssr" "3.4.27"
    "@vue/shared" "3.4.27"
    estree-walker "^2.0.2"
    magic-string "^0.30.10"
    postcss "^8.4.38"
    source-map-js "^1.2.0"

"@vue/compiler-ssr@3.4.27":
  version "3.4.27"
  resolved "https://registry.npmjs.org/@vue/compiler-ssr/-/compiler-ssr-3.4.27.tgz"
  integrity sha512-CVRzSJIltzMG5FcidsW0jKNQnNRYC8bT21VegyMMtHmhW3UOI7knmUehzswXLrExDLE6lQCZdrhD4ogI7c+vuw==
  dependencies:
    "@vue/compiler-dom" "3.4.27"
    "@vue/shared" "3.4.27"

"@vue/devtools-api@^6.0.0-beta.11", "@vue/devtools-api@^6.2.1", "@vue/devtools-api@^6.5.1":
  version "6.6.1"
  resolved "https://registry.npmjs.org/@vue/devtools-api/-/devtools-api-6.6.1.tgz"
  integrity sha512-LgPscpE3Vs0x96PzSSB4IGVSZXZBZHpfxs+ZA1d+VEPwHdOXowy/Y2CsvCAIFrf+ssVU1pD1jidj505EpUnfbA==

"@vue/reactivity@3.4.27":
  version "3.4.27"
  resolved "https://registry.npmjs.org/@vue/reactivity/-/reactivity-3.4.27.tgz"
  integrity sha512-kK0g4NknW6JX2yySLpsm2jlunZJl2/RJGZ0H9ddHdfBVHcNzxmQ0sS0b09ipmBoQpY8JM2KmUw+a6sO8Zo+zIA==
  dependencies:
    "@vue/shared" "3.4.27"

"@vue/runtime-core@3.4.27":
  version "3.4.27"
  resolved "https://registry.npmjs.org/@vue/runtime-core/-/runtime-core-3.4.27.tgz"
  integrity sha512-7aYA9GEbOOdviqVvcuweTLe5Za4qBZkUY7SvET6vE8kyypxVgaT1ixHLg4urtOlrApdgcdgHoTZCUuTGap/5WA==
  dependencies:
    "@vue/reactivity" "3.4.27"
    "@vue/shared" "3.4.27"

"@vue/runtime-dom@3.4.27":
  version "3.4.27"
  resolved "https://registry.npmjs.org/@vue/runtime-dom/-/runtime-dom-3.4.27.tgz"
  integrity sha512-ScOmP70/3NPM+TW9hvVAz6VWWtZJqkbdf7w6ySsws+EsqtHvkhxaWLecrTorFxsawelM5Ys9FnDEMt6BPBDS0Q==
  dependencies:
    "@vue/runtime-core" "3.4.27"
    "@vue/shared" "3.4.27"
    csstype "^3.1.3"

"@vue/server-renderer@3.4.27":
  version "3.4.27"
  resolved "https://registry.npmjs.org/@vue/server-renderer/-/server-renderer-3.4.27.tgz"
  integrity sha512-dlAMEuvmeA3rJsOMJ2J1kXU7o7pOxgsNHVr9K8hB3ImIkSuBrIdy0vF66h8gf8Tuinf1TK3mPAz2+2sqyf3KzA==
  dependencies:
    "@vue/compiler-ssr" "3.4.27"
    "@vue/shared" "3.4.27"

"@vue/shared@3.4.27":
  version "3.4.27"
  resolved "https://registry.npmjs.org/@vue/shared/-/shared-3.4.27.tgz"
  integrity sha512-DL3NmY2OFlqmYYrzp39yi3LDkKxa5vZVwxWdQ3rG0ekuWscHraeIbnI8t+aZK7qhYqEqWKTUdijadunb9pnrgA==

"@vueuse/core@*", "@vueuse/core@^9.1.0":
  version "9.3.0"
  resolved "https://registry.npmjs.org/@vueuse/core/-/core-9.3.0.tgz"
  integrity sha512-64Rna8IQDWpdrJxgitDg7yv1yTp41ZmvV8zlLEylK4QQLWAhz1OFGZDPZ8bU4lwcGgbEJ2sGi2jrdNh4LttUSQ==
  dependencies:
    "@types/web-bluetooth" "^0.0.15"
    "@vueuse/metadata" "9.3.0"
    "@vueuse/shared" "9.3.0"
    vue-demi "*"

"@vueuse/metadata@9.3.0":
  version "9.3.0"
  resolved "https://registry.npmjs.org/@vueuse/metadata/-/metadata-9.3.0.tgz"
  integrity sha512-GnnfjbzIPJIh9ngL9s9oGU1+Hx/h5/KFqTfJykzh/1xjaHkedV9g0MASpdmPZIP+ynNhKAcEfA6g5i8KXwtoMA==

"@vueuse/shared@9.3.0":
  version "9.3.0"
  resolved "https://registry.npmjs.org/@vueuse/shared/-/shared-9.3.0.tgz"
  integrity sha512-caGUWLY0DpPC6l31KxeUy6vPVNA0yKxx81jFYLoMpyP6cF84FG5Dkf69DfSUqL57wX8JcUkJDMnQaQIZPWFEQQ==
  dependencies:
    vue-demi "*"

acorn@^8.8.0:
  version "8.8.0"
  resolved "https://registry.npmjs.org/acorn/-/acorn-8.8.0.tgz"
  integrity sha512-QOxyigPVrpZ2GXT+PFyZTl6TtOFc5egxHIP9IlQ+RbupQuX4RkT/Bee4/kQuC02Xkzg84JcT7oLYtDIQxp+v7w==

animate.css@^4.1.1:
  version "4.1.1"
  resolved "https://registry.npmjs.org/animate.css/-/animate.css-4.1.1.tgz"
  integrity sha512-+mRmCTv6SbCmtYJCN4faJMNFVNN5EuCTTprDTAo7YzIGji2KADmakjVA3+8mVDkZ2Bf09vayB35lSQIex2+QaQ==

ansi-styles@^4.1.0:
  version "4.3.0"
  resolved "https://registry.npmjs.org/ansi-styles/-/ansi-styles-4.3.0.tgz"
  integrity sha512-zbB9rCJAT1rbjiVDb2hqKFHNYLxgtk8NURxZ3IZwD3F6NtxbXZQCnnSi1Lkx+IDohdPlFp222wVALIheZJQSEg==
  dependencies:
    color-convert "^2.0.1"

anymatch@~3.1.2:
  version "3.1.2"
  resolved "https://registry.npmjs.org/anymatch/-/anymatch-3.1.2.tgz"
  integrity sha512-P43ePfOAIupkguHUycrc4qJ9kz8ZiuOUijaETwX7THt0Y/GNK7v0aa8rY816xWjZ7rJdA5XdMcpVFTKMq+RvWg==
  dependencies:
    normalize-path "^3.0.0"
    picomatch "^2.0.4"

async-validator@^4.2.5:
  version "4.2.5"
  resolved "https://registry.npmjs.org/async-validator/-/async-validator-4.2.5.tgz"
  integrity sha512-7HhHjtERjqlNbZtqNqy2rckN/SpOOlmDliet+lP7k+eKZEjPk3DgyeU9lIXLdeLz0uBbbVp+9Qdow9wJWgwwfg==

axios@^0.21.1:
  version "0.21.4"
  resolved "https://registry.npmjs.org/axios/-/axios-0.21.4.tgz"
  integrity sha512-ut5vewkiu8jjGBdqpM44XxjuCjq9LAKeHVmoVfHVzy8eHgxxq8SbAVQNovDA8mVi05kP0Ea/n/UzcSHcTJQfNg==
  dependencies:
    follow-redirects "^1.14.0"

binary-extensions@^2.0.0:
  version "2.2.0"
  resolved "https://registry.npmjs.org/binary-extensions/-/binary-extensions-2.2.0.tgz"
  integrity sha512-jDctJ/IVQbZoJykoeHbhXpOlNBqGNcwXJKJog42E5HDPUwQTSdjCHdihjj0DlnheQ7blbT6dHOafNAiS8ooQKA==

braces@^3.0.2, braces@~3.0.2:
  version "3.0.2"
  resolved "https://registry.npmjs.org/braces/-/braces-3.0.2.tgz"
  integrity sha512-b8um+L1RzM3WDSzvhm6gIz1yfTbBt6YTlcEKAvsmqCZZFw46z626lVj9j1yEPW33H5H+lBQpZMP1k8l+78Ha0A==
  dependencies:
    fill-range "^7.0.1"

bundle-require@^4.0.1:
  version "4.1.0"
  resolved "https://registry.npmjs.org/bundle-require/-/bundle-require-4.1.0.tgz"
  integrity sha512-FeArRFM+ziGkRViKRnSTbHZc35dgmR9yNog05Kn0+ItI59pOAISGvnnIwW1WgFZQW59IxD9QpJnUPkdIPfZuXg==
  dependencies:
    load-tsconfig "^0.2.3"

chalk@^4.1.2:
  version "4.1.2"
  resolved "https://registry.npmjs.org/chalk/-/chalk-4.1.2.tgz"
  integrity sha512-oKnbhFyRIXpUuez8iBMmyEa4nbj4IOQyuhc/wy9kY7/WVPcwIO9VA668Pu8RkO7+0G76SLROeyw9CpQ061i4mA==
  dependencies:
    ansi-styles "^4.1.0"
    supports-color "^7.1.0"

chokidar@^3.5.3, "chokidar@>=3.0.0 <4.0.0":
  version "3.5.3"
  resolved "https://registry.npmjs.org/chokidar/-/chokidar-3.5.3.tgz"
  integrity sha512-Dr3sfKRP6oTcjf2JmUmFJfeVMvXBdegxB0iVQ5eb2V10uFJUCAS8OByZdVAyVb8xXNz3GjjTgj9kLWsZTqE6kw==
  dependencies:
    anymatch "~3.1.2"
    braces "~3.0.2"
    glob-parent "~5.1.2"
    is-binary-path "~2.1.0"
    is-glob "~4.0.1"
    normalize-path "~3.0.0"
    readdirp "~3.6.0"
  optionalDependencies:
    fsevents "~2.3.2"

color-convert@^2.0.1:
  version "2.0.1"
  resolved "https://registry.npmjs.org/color-convert/-/color-convert-2.0.1.tgz"
  integrity sha512-RRECPsj7iu/xb5oKYcsFHSppFNnsj/52OVTRKb4zP5onXwVF3zVmmToNcOfGC+CRDpfK/U584fMg38ZHCaElKQ==
  dependencies:
    color-name "~1.1.4"

color-name@~1.1.4:
  version "1.1.4"
  resolved "https://registry.npmjs.org/color-name/-/color-name-1.1.4.tgz"
  integrity sha512-dOy+3AuW3a2wNbZHIuMZpTcgjGuLU/uBL/ubcZF9OXbDo8ff4O8yVp5Bf0efS8uEoYo5q4Fx7dY9OgQGXgAsQA==

commander@*:
  version "9.4.0"
  resolved "https://registry.npmjs.org/commander/-/commander-9.4.0.tgz"
  integrity sha512-sRPT+umqkz90UA8M1yqYfnHlZA7fF6nSphDtxeywPZ49ysjxDQybzk13CL+mXekDRG92skbcqCLVovuCusNmFw==

connect@^3.7.0:
  version "3.7.0"
  resolved "https://registry.npmjs.org/connect/-/connect-3.7.0.tgz"
  integrity sha512-ZqRXc+tZukToSNmh5C2iWMSoV3X1YUcPbqEM4DkEG5tNQXrQUZCNVGGv3IuicnkMtPfGf3Xtp8WCXs295iQ1pQ==
  dependencies:
    debug "2.6.9"
    finalhandler "1.1.2"
    parseurl "~1.3.3"
    utils-merge "1.0.1"

countup.js@^1.9.3:
  version "1.9.3"
  resolved "https://registry.npmjs.org/countup.js/-/countup.js-1.9.3.tgz"
  integrity sha512-UHf2P/mFKaESqdPq+UdBJm/1y8lYdlcDd0nTZHNC8cxWoJwZr1Eldm1PpWui446vDl5Pd8PtRYkr3q6K4+Qa5A==

crypto-js@^4.1.1:
  version "4.1.1"
  resolved "https://registry.npmjs.org/crypto-js/-/crypto-js-4.1.1.tgz"
  integrity sha512-o2JlM7ydqd3Qk9CA0L4NL6mTzU2sdx96a+oOfPu8Mkl/PK51vSyoi8/rQ8NknZtk44vq15lmhAj9CIAGwgeWKw==

csstype@^3.1.3:
  version "3.1.3"
  resolved "https://registry.npmjs.org/csstype/-/csstype-3.1.3.tgz"
  integrity sha512-M1uQkMl8rQK/szD0LNhtqxIPLpimGm8sOBwU7lLnCpSbTyY3yeU1Vc7l4KT5zT4s/yOxHH5O7tIuuLOCnLADRw==

dayjs@^1.10.4, dayjs@^1.10.6, dayjs@^1.11.3:
  version "1.11.5"
  resolved "https://registry.npmjs.org/dayjs/-/dayjs-1.11.5.tgz"
  integrity sha512-CAdX5Q3YW3Gclyo5Vpqkgpj8fSdLQcRuzfX6mC6Phy0nfJ0eGYOeS7m4mt2plDWLAtA4TqTakvbboHvUxfe4iA==

debug@^4.3.3:
  version "4.3.4"
  resolved "https://registry.npmjs.org/debug/-/debug-4.3.4.tgz"
  integrity sha512-PRWFHuSU3eDtQJPvnNY7Jcket1j0t5OuOsFzPPzsekD52Zl8qUfFIPEiswXqIvHWGVHOgX+7G/vCNNhehwxfkQ==
  dependencies:
    ms "2.1.2"

debug@^4.3.4:
  version "4.3.4"
  resolved "https://registry.npmjs.org/debug/-/debug-4.3.4.tgz"
  integrity sha512-PRWFHuSU3eDtQJPvnNY7Jcket1j0t5OuOsFzPPzsekD52Zl8qUfFIPEiswXqIvHWGVHOgX+7G/vCNNhehwxfkQ==
  dependencies:
    ms "2.1.2"

debug@2.6.9:
  version "2.6.9"
  resolved "https://registry.npmjs.org/debug/-/debug-2.6.9.tgz"
  integrity sha512-bC7ElrdJaJnPbAP+1EotYvqZsb3ecl5wi6Bfi6BJTUcNowp6cvspg0jXznRTKDjm/E7AdgFBVeAPVMNcKGsHMA==
  dependencies:
    ms "2.0.0"

ee-first@1.1.1:
  version "1.1.1"
  resolved "https://registry.npmjs.org/ee-first/-/ee-first-1.1.1.tgz"
  integrity sha512-WMwm9LhRUo+WUaRN+vRuETqG89IgZphVSNkdFgeb6sS/E4OrDIN7t48CAewSHXc6C8lefD8KKfr5vY61brQlow==

element-plus@^2.7.3, element-plus@>=2.2.0:
  version "2.7.3"
  resolved "https://registry.npmjs.org/element-plus/-/element-plus-2.7.3.tgz"
  integrity sha512-OaqY1kQ2xzNyRFyge3fzM7jqMwux+464RBEqd+ybRV9xPiGxtgnj/sVK4iEbnKnzQIa9XK03DOIFzoToUhu1DA==
  dependencies:
    "@ctrl/tinycolor" "^3.4.1"
    "@element-plus/icons-vue" "^2.3.1"
    "@floating-ui/dom" "^1.0.1"
    "@popperjs/core" "npm:@sxzz/popperjs-es@^2.11.7"
    "@types/lodash" "^4.14.182"
    "@types/lodash-es" "^4.17.6"
    "@vueuse/core" "^9.1.0"
    async-validator "^4.2.5"
    dayjs "^1.11.3"
    escape-html "^1.0.3"
    lodash "^4.17.21"
    lodash-es "^4.17.21"
    lodash-unified "^1.0.2"
    memoize-one "^6.0.0"
    normalize-wheel-es "^1.2.0"

encodeurl@~1.0.2:
  version "1.0.2"
  resolved "https://registry.npmjs.org/encodeurl/-/encodeurl-1.0.2.tgz"
  integrity sha512-TPJXq8JqFaVYm2CWmPvnP2Iyo4ZSM7/QKcSmuMLDObfpH5fi7RUGmd/rTDf+rut/saiDiQEeVTNgAmJEdAOx0w==

entities@^4.5.0:
  version "4.5.0"
  resolved "https://registry.npmjs.org/entities/-/entities-4.5.0.tgz"
  integrity sha512-V0hjH4dGPh9Ao5p0MoRY6BVqtwCjhz6vI5LT8AJ55H+4g9/4vbHx1I54fS0XuclLhDHArPQCiMjDxjaL8fPxhw==

esbuild@^0.20.1:
  version "0.20.2"
  resolved "https://registry.npmjs.org/esbuild/-/esbuild-0.20.2.tgz"
  integrity sha512-WdOOppmUNU+IbZ0PaDiTst80zjnrOkyJNHoKupIcVyU8Lvla3Ugx94VzkQ32Ijqd7UhHJy75gNWDMUekcrSJ6g==
  optionalDependencies:
    "@esbuild/aix-ppc64" "0.20.2"
    "@esbuild/android-arm" "0.20.2"
    "@esbuild/android-arm64" "0.20.2"
    "@esbuild/android-x64" "0.20.2"
    "@esbuild/darwin-arm64" "0.20.2"
    "@esbuild/darwin-x64" "0.20.2"
    "@esbuild/freebsd-arm64" "0.20.2"
    "@esbuild/freebsd-x64" "0.20.2"
    "@esbuild/linux-arm" "0.20.2"
    "@esbuild/linux-arm64" "0.20.2"
    "@esbuild/linux-ia32" "0.20.2"
    "@esbuild/linux-loong64" "0.20.2"
    "@esbuild/linux-mips64el" "0.20.2"
    "@esbuild/linux-ppc64" "0.20.2"
    "@esbuild/linux-riscv64" "0.20.2"
    "@esbuild/linux-s390x" "0.20.2"
    "@esbuild/linux-x64" "0.20.2"
    "@esbuild/netbsd-x64" "0.20.2"
    "@esbuild/openbsd-x64" "0.20.2"
    "@esbuild/sunos-x64" "0.20.2"
    "@esbuild/win32-arm64" "0.20.2"
    "@esbuild/win32-ia32" "0.20.2"
    "@esbuild/win32-x64" "0.20.2"

esbuild@>=0.17:
  version "0.21.4"
  resolved "https://registry.npmjs.org/esbuild/-/esbuild-0.21.4.tgz"
  integrity sha512-sFMcNNrj+Q0ZDolrp5pDhH0nRPN9hLIM3fRPwgbLYJeSHHgnXSnbV3xYgSVuOeLWH9c73VwmEverVzupIv5xuA==
  optionalDependencies:
    "@esbuild/aix-ppc64" "0.21.4"
    "@esbuild/android-arm" "0.21.4"
    "@esbuild/android-arm64" "0.21.4"
    "@esbuild/android-x64" "0.21.4"
    "@esbuild/darwin-arm64" "0.21.4"
    "@esbuild/darwin-x64" "0.21.4"
    "@esbuild/freebsd-arm64" "0.21.4"
    "@esbuild/freebsd-x64" "0.21.4"
    "@esbuild/linux-arm" "0.21.4"
    "@esbuild/linux-arm64" "0.21.4"
    "@esbuild/linux-ia32" "0.21.4"
    "@esbuild/linux-loong64" "0.21.4"
    "@esbuild/linux-mips64el" "0.21.4"
    "@esbuild/linux-ppc64" "0.21.4"
    "@esbuild/linux-riscv64" "0.21.4"
    "@esbuild/linux-s390x" "0.21.4"
    "@esbuild/linux-x64" "0.21.4"
    "@esbuild/netbsd-x64" "0.21.4"
    "@esbuild/openbsd-x64" "0.21.4"
    "@esbuild/sunos-x64" "0.21.4"
    "@esbuild/win32-arm64" "0.21.4"
    "@esbuild/win32-ia32" "0.21.4"
    "@esbuild/win32-x64" "0.21.4"

escape-html@^1.0.3, escape-html@~1.0.3:
  version "1.0.3"
  resolved "https://registry.npmjs.org/escape-html/-/escape-html-1.0.3.tgz"
  integrity sha512-NiSupZ4OeuGwr68lGIeym/ksIZMJodUGOSCZ/FSnTxcrekbvqrgdUxlJOMpijaKZVjAJrWrGs/6Jy8OMuyj9ow==

escape-string-regexp@^5.0.0:
  version "5.0.0"
  resolved "https://registry.npmjs.org/escape-string-regexp/-/escape-string-regexp-5.0.0.tgz"
  integrity sha512-/veY75JbMK4j1yjvuUxuVsiS/hr/4iHs9FTT6cgTexxdE0Ly/glccBAkloH/DofkjRbZU3bnoj38mOmhkZ0lHw==

estree-walker@^2.0.1, estree-walker@^2.0.2:
  version "2.0.2"
  resolved "https://registry.npmjs.org/estree-walker/-/estree-walker-2.0.2.tgz"
  integrity sha512-Rfkk/Mp/DL7JVje3u18FxFujQlTNR2q6QfMSMB7AvCBx91NGj/ba3kCfza0f6dVDbw7YlRf/nDrn7pQrCCyQ/w==

fast-glob@^3.2.11, fast-glob@^3.2.12:
  version "3.2.12"
  resolved "https://registry.npmjs.org/fast-glob/-/fast-glob-3.2.12.tgz"
  integrity sha512-DVj4CQIYYow0BlaelwK1pHl5n5cRSJfM60UA0zK891sVInoPri2Ekj7+e1CT3/3qxXenpI+nBBmQAcJPJgaj4w==
  dependencies:
    "@nodelib/fs.stat" "^2.0.2"
    "@nodelib/fs.walk" "^1.2.3"
    glob-parent "^5.1.2"
    merge2 "^1.3.0"
    micromatch "^4.0.4"

fastq@^1.6.0:
  version "1.13.0"
  resolved "https://registry.npmjs.org/fastq/-/fastq-1.13.0.tgz"
  integrity sha512-YpkpUnK8od0o1hmeSc7UUs/eB/vIPWJYjKck2QKIzAf71Vm1AAQ3EbuZB3g2JIy+pg+ERD0vqI79KyZiB2e2Nw==
  dependencies:
    reusify "^1.0.4"

fill-range@^7.0.1:
  version "7.0.1"
  resolved "https://registry.npmjs.org/fill-range/-/fill-range-7.0.1.tgz"
  integrity sha512-qOo9F+dMUmC2Lcb4BbVvnKJxTPjCm+RRpe4gDuGrzkL7mEVl/djYSu2OdQ2Pa302N4oqkSg9ir6jaLWJ2USVpQ==
  dependencies:
    to-regex-range "^5.0.1"

finalhandler@1.1.2:
  version "1.1.2"
  resolved "https://registry.npmjs.org/finalhandler/-/finalhandler-1.1.2.tgz"
  integrity sha512-aAWcW57uxVNrQZqFXjITpW3sIUQmHGG3qSb9mUah9MgMC4NeWhNOlNjXEYq3HjRAvL6arUviZGGJsBg6z0zsWA==
  dependencies:
    debug "2.6.9"
    encodeurl "~1.0.2"
    escape-html "~1.0.3"
    on-finished "~2.3.0"
    parseurl "~1.3.3"
    statuses "~1.5.0"
    unpipe "~1.0.0"

follow-redirects@^1.14.0:
  version "1.15.2"
  resolved "https://registry.npmjs.org/follow-redirects/-/follow-redirects-1.15.2.tgz"
  integrity sha512-VQLG33o04KaQ8uYi2tVNbdrWp1QWxNNea+nmIB4EVM28v0hmP17z7aG1+wAkNzVq4KeXTq3221ye5qTJP91JwA==

fs-extra@^10.0.0:
  version "10.1.0"
  resolved "https://registry.npmjs.org/fs-extra/-/fs-extra-10.1.0.tgz"
  integrity sha512-oRXApq54ETRj4eMiFzGnHWGy+zo5raudjuxN0b8H7s/RU2oW0Wvsx9O0ACRN/kRq9E8Vu/ReskGB5o3ji+FzHQ==
  dependencies:
    graceful-fs "^4.2.0"
    jsonfile "^6.0.1"
    universalify "^2.0.0"

fsevents@~2.3.2, fsevents@~2.3.3:
  version "2.3.3"
  resolved "https://registry.npmjs.org/fsevents/-/fsevents-2.3.3.tgz"
  integrity sha512-5xoDfX+fL7faATnagmWPpbFtwh/R77WmMMqqHGS65C3vvB0YHrgF+B1YmZ3441tMj5n63k0212XNoJwzlhffQw==

glob-parent@^5.1.2, glob-parent@~5.1.2:
  version "5.1.2"
  resolved "https://registry.npmjs.org/glob-parent/-/glob-parent-5.1.2.tgz"
  integrity sha512-AOIgSQCepiJYwP3ARnGx+5VnTu2HBYdzbGP45eLw1vr3zB3vZLeyed1sC9hnbcOc9/SrMyM5RPQrkGz4aS9Zow==
  dependencies:
    is-glob "^4.0.1"

graceful-fs@^4.1.6, graceful-fs@^4.2.0:
  version "4.2.10"
  resolved "https://registry.npmjs.org/graceful-fs/-/graceful-fs-4.2.10.tgz"
  integrity sha512-9ByhssR2fPVsNZj478qUUbKfmL0+t5BDVyjShtyZZLiK7ZDAArFFfopyOTj0M05wE2tJPisA4iTnnXl2YoPvOA==

has-flag@^4.0.0:
  version "4.0.0"
  resolved "https://registry.npmjs.org/has-flag/-/has-flag-4.0.0.tgz"
  integrity sha512-EykJT/Q1KjTWctppgIAgfSO0tKVuZUjhgMr17kqTumMl6Afv3EISleU7qZUzoXDFTAHTDC4NOoG/ZxU3EvlMPQ==

immutable@^4.0.0:
  version "4.1.0"
  resolved "https://registry.npmjs.org/immutable/-/immutable-4.1.0.tgz"
  integrity sha512-oNkuqVTA8jqG1Q6c+UglTOD1xhC1BtjKI7XkCXRkZHrN5m18/XsnUp8Q89GkQO/z+0WjonSvl0FLhDYftp46nQ==

is-binary-path@~2.1.0:
  version "2.1.0"
  resolved "https://registry.npmjs.org/is-binary-path/-/is-binary-path-2.1.0.tgz"
  integrity sha512-ZMERYes6pDydyuGidse7OsHxtbI7WVeUEozgR/g7rd0xUimYNlvZRE/K2MgZTjWy725IfelLeVcEM97mmtRGXw==
  dependencies:
    binary-extensions "^2.0.0"

is-extglob@^2.1.1:
  version "2.1.1"
  resolved "https://registry.npmjs.org/is-extglob/-/is-extglob-2.1.1.tgz"
  integrity sha512-SbKbANkN603Vi4jEZv49LeVJMn4yGwsbzZworEoyEiutsN3nJYdbO36zfhGJ6QEDpOZIFkDtnq5JRxmvl3jsoQ==

is-glob@^4.0.1, is-glob@~4.0.1:
  version "4.0.3"
  resolved "https://registry.npmjs.org/is-glob/-/is-glob-4.0.3.tgz"
  integrity sha512-xelSayHH36ZgE7ZWhli7pW34hNbNl8Ojv5KVmkJD4hBdD3th8Tfk9vYasLM+mXWOZhFkgZfxhLSnrwRr4elSSg==
  dependencies:
    is-extglob "^2.1.1"

is-number@^7.0.0:
  version "7.0.0"
  resolved "https://registry.npmjs.org/is-number/-/is-number-7.0.0.tgz"
  integrity sha512-41Cifkg6e8TylSpdtTpeLVMqvSBEVzTttHvERD741+pnZ8ANv0004MRL43QKPDlK9cGvNp6NZWZUBlbGXYxxng==

js-cookie@^3.0.0:
  version "3.0.1"
  resolved "https://registry.npmjs.org/js-cookie/-/js-cookie-3.0.1.tgz"
  integrity sha512-+0rgsUXZu4ncpPxRL+lNEptWMOWl9etvPHc/koSRp6MPwpRYAhmk0dUG00J4bxVV3r9uUzfo24wW0knS07SKSw==

jsonc-parser@^3.2.0:
  version "3.2.0"
  resolved "https://registry.npmjs.org/jsonc-parser/-/jsonc-parser-3.2.0.tgz"
  integrity sha512-gfFQZrcTc8CnKXp6Y4/CBT3fTc0OVuDofpre4aEeEpSBPV5X5v4+Vmx+8snU7RLPrNHPKSgLxGo9YuQzz20o+w==

jsonfile@^6.0.1:
  version "6.1.0"
  resolved "https://registry.npmjs.org/jsonfile/-/jsonfile-6.1.0.tgz"
  integrity sha512-5dgndWOriYSm5cnYaJNhalLNDKOqFwyDB/rr1E9ZsGciGvKPs8R2xYGCacuf3z6K1YKDz182fd+fY3cn3pMqXQ==
  dependencies:
    universalify "^2.0.0"
  optionalDependencies:
    graceful-fs "^4.1.6"

load-tsconfig@^0.2.3:
  version "0.2.5"
  resolved "https://registry.npmjs.org/load-tsconfig/-/load-tsconfig-0.2.5.tgz"
  integrity sha512-IXO6OCs9yg8tMKzfPZ1YmheJbZCiEsnBdcB03l0OcfK9prKnJb96siuHCr5Fl37/yo9DnKU+TLpxzTUspw9shg==

local-pkg@^0.4.2:
  version "0.4.2"
  resolved "https://registry.npmjs.org/local-pkg/-/local-pkg-0.4.2.tgz"
  integrity sha512-mlERgSPrbxU3BP4qBqAvvwlgW4MTg78iwJdGGnv7kibKjWcJksrG3t6LB5lXI93wXRDvG4NpUgJFmTG4T6rdrg==

lodash-es@*, lodash-es@^4.17.21:
  version "4.17.21"
  resolved "https://registry.npmjs.org/lodash-es/-/lodash-es-4.17.21.tgz"
  integrity sha512-mKnC+QJ9pWVzv+C4/U3rRsHapFfHvQFoFB92e52xeyGMcX6/OlIl78je1u8vePzYZSkkogMPJ2yjxxsb89cxyw==

lodash-unified@^1.0.2:
  version "1.0.2"
  resolved "https://registry.npmjs.org/lodash-unified/-/lodash-unified-1.0.2.tgz"
  integrity sha512-OGbEy+1P+UT26CYi4opY4gebD8cWRDxAT6MAObIVQMiqYdxZr1g3QHWCToVsm31x2NkLS4K3+MC2qInaRMa39g==

lodash@*, lodash@^4.17.21:
  version "4.17.21"
  resolved "https://registry.npmjs.org/lodash/-/lodash-4.17.21.tgz"
  integrity sha512-v2kDEe57lecTulaDIuNTPy3Ry4gLGJ6Z1O3vE1krgXZNrsQ+LFTGHVxVjcXPs17LhbZVGedAJv8XZ1tvj5FvSg==

magic-string@^0.25.7:
  version "0.25.9"
  resolved "https://registry.npmjs.org/magic-string/-/magic-string-0.25.9.tgz"
  integrity sha512-RmF0AsMzgt25qzqqLc1+MbHmhdx0ojF2Fvs4XnOqz2ZOBXzzkEwc/dJQZCYHAn7v1jbVOjAZfK8msRn4BxO4VQ==
  dependencies:
    sourcemap-codec "^1.4.8"

magic-string@^0.26.2:
  version "0.26.4"
  resolved "https://registry.npmjs.org/magic-string/-/magic-string-0.26.4.tgz"
  integrity sha512-e5uXtVJ22aEpK9u1+eQf0fSxHeqwyV19K+uGnlROCxUhzwRip9tBsaMViK/0vC3viyPd5Gtucp3UmEp/Q2cPTQ==
  dependencies:
    sourcemap-codec "^1.4.8"

magic-string@^0.30.10:
  version "0.30.10"
  resolved "https://registry.npmjs.org/magic-string/-/magic-string-0.30.10.tgz"
  integrity sha512-iIRwTIf0QKV3UAnYK4PU8uiEc4SRh5jX0mwpIwETPpHdhVM4f53RSwS/vXvN1JhGX+Cs7B8qIq3d6AH49O5fAQ==
  dependencies:
    "@jridgewell/sourcemap-codec" "^1.4.15"

memoize-one@^6.0.0:
  version "6.0.0"
  resolved "https://registry.npmjs.org/memoize-one/-/memoize-one-6.0.0.tgz"
  integrity sha512-rkpe71W0N0c0Xz6QD0eJETuWAJGnJ9afsl1srmwPrI+yBCkge5EycXXbYRyvL29zZVUWQCY7InPRCv3GDXuZNw==

merge2@^1.3.0:
  version "1.4.1"
  resolved "https://registry.npmjs.org/merge2/-/merge2-1.4.1.tgz"
  integrity sha512-8q7VEgMJW4J8tcfVPy8g09NcQwZdbwFEqhe/WZkoIzjn/3TGDwtOCYtXGxA3O8tPzpczCCDgv+P2P5y00ZJOOg==

micromatch@^4.0.4:
  version "4.0.5"
  resolved "https://registry.npmjs.org/micromatch/-/micromatch-4.0.5.tgz"
  integrity sha512-DMy+ERcEW2q8Z2Po+WNXuw3c5YaUSFjAO5GsJqfEl7UjvtIuFKO6ZrKvcItdy98dwFI2N1tg3zNIdKaQT+aNdA==
  dependencies:
    braces "^3.0.2"
    picomatch "^2.3.1"

mlly@^0.5.14, mlly@^0.5.7:
  version "0.5.16"
  resolved "https://registry.npmjs.org/mlly/-/mlly-0.5.16.tgz"
  integrity sha512-LaJ8yuh4v0zEmge/g3c7jjFlhoCPfQn6RCjXgm9A0Qiuochq4BcuOxVfWmdnCoLTlg2MV+hqhOek+W2OhG0Lwg==
  dependencies:
    acorn "^8.8.0"
    pathe "^0.3.8"
    pkg-types "^0.3.5"
    ufo "^0.8.5"

mockjs@^1.1.0, mockjs@>=1.1.0:
  version "1.1.0"
  resolved "https://registry.npmjs.org/mockjs/-/mockjs-1.1.0.tgz"
  integrity sha512-eQsKcWzIaZzEZ07NuEyO4Nw65g0hdWAyurVol1IPl1gahRwY+svqzfgfey8U8dahLwG44d6/RwEzuK52rSa/JQ==
  dependencies:
    commander "*"

ms@2.0.0:
  version "2.0.0"
  resolved "https://registry.npmjs.org/ms/-/ms-2.0.0.tgz"
  integrity sha512-Tpp60P6IUJDTuOq/5Z8cdskzJujfwqfOTkrwIwj7IRISpnkJnT6SyJ4PCPnGMoFjC9ddhal5KVIYtAt97ix05A==

ms@2.1.2:
  version "2.1.2"
  resolved "https://registry.npmjs.org/ms/-/ms-2.1.2.tgz"
  integrity sha512-sGkPx+VjMtmA6MX27oA4FBFELFCZZ4S4XqeGOXCv68tT+jb3vk/RyaKWP0PTKyWtmLSM0b+adUTEvbs1PEaH2w==

nanoid@^3.3.7:
  version "3.3.7"
  resolved "https://registry.npmjs.org/nanoid/-/nanoid-3.3.7.tgz"
  integrity sha512-eSRppjcPIatRIMC1U6UngP8XFcz8MQWGQdt1MTBQ7NaAmvXDfvNxbvWV3x2y6CdEUciCSsDHDQZbhYaB8QEo2g==

normalize-path@^3.0.0, normalize-path@~3.0.0:
  version "3.0.0"
  resolved "https://registry.npmjs.org/normalize-path/-/normalize-path-3.0.0.tgz"
  integrity sha512-6eZs5Ls3WtCisHWp9S2GUy8dqkpGi4BVSz3GaqiE6ezub0512ESztXUwUB6C6IKbQkY2Pnb/mD4WYojCRwcwLA==

normalize-wheel-es@^1.2.0:
  version "1.2.0"
  resolved "https://registry.npmjs.org/normalize-wheel-es/-/normalize-wheel-es-1.2.0.tgz"
  integrity sha512-Wj7+EJQ8mSuXr2iWfnujrimU35R2W4FAErEyTmJoJ7ucwTn2hOUSsRehMb5RSYkxXGTM7Y9QpvPmp++w5ftoJw==

nprogress@^0.2.0:
  version "0.2.0"
  resolved "https://registry.npmjs.org/nprogress/-/nprogress-0.2.0.tgz"
  integrity sha512-I19aIingLgR1fmhftnbWWO3dXc0hSxqHQHQb3H8m+K3TnEn/iSeTZZOyvKXWqQESMwuUVnatlCnZdLBZZt2VSA==

on-finished@~2.3.0:
  version "2.3.0"
  resolved "https://registry.npmjs.org/on-finished/-/on-finished-2.3.0.tgz"
  integrity sha512-ikqdkGAAyf/X/gPhXGvfgAytDZtDbr+bkNUJ0N9h5MI/dmdgCs3l6hoHrcUv41sRKew3jIwrp4qQDXiK99Utww==
  dependencies:
    ee-first "1.1.1"

parseurl@~1.3.3:
  version "1.3.3"
  resolved "https://registry.npmjs.org/parseurl/-/parseurl-1.3.3.tgz"
  integrity sha512-CiyeOxFT/JZyN5m0z9PfXw4SCBJ6Sygz1Dpl0wqjlhDEGGBP1GnsUVEL0p63hoG1fcj3fHynXi9NYO4nWOL+qQ==

path-to-regexp@^6.2.1:
  version "6.2.1"
  resolved "https://registry.npmjs.org/path-to-regexp/-/path-to-regexp-6.2.1.tgz"
  integrity sha512-JLyh7xT1kizaEvcaXOQwOc2/Yhw6KZOvPf1S8401UyLk86CU79LN3vl7ztXGm/pZ+YjoyAJ4rxmHwbkBXJX+yw==

pathe@^0.3.3, pathe@^0.3.7, pathe@^0.3.8:
  version "0.3.8"
  resolved "https://registry.npmjs.org/pathe/-/pathe-0.3.8.tgz"
  integrity sha512-c71n61F1skhj/jzZe+fWE9XDoTYjWbUwIKVwFftZ5IOgiX44BVkTkD+/803YDgR50tqeO4eXWxLyVHBLWQAD1g==

picocolors@^1.0.0:
  version "1.0.1"
  resolved "https://registry.npmjs.org/picocolors/-/picocolors-1.0.1.tgz"
  integrity sha512-anP1Z8qwhkbmu7MFP5iTt+wQKXgwzf7zTyGlcdzabySa9vd0Xt392U0rVmz9poOaBj0uHJKyyo9/upk0HrEQew==

picomatch@^2.0.4, picomatch@^2.2.1, picomatch@^2.2.2, picomatch@^2.3.1:
  version "2.3.1"
  resolved "https://registry.npmjs.org/picomatch/-/picomatch-2.3.1.tgz"
  integrity sha512-JU3teHTNjmE2VCGFzuY8EXzCDVwEqB2a8fsIvwaStHhAWJEeVd1o1QD80CU6+ZdEXXSLbSsuLwJjkCBWqRQUVA==

pkg-types@^0.3.5:
  version "0.3.5"
  resolved "https://registry.npmjs.org/pkg-types/-/pkg-types-0.3.5.tgz"
  integrity sha512-VkxCBFVgQhNHYk9subx+HOhZ4jzynH11ah63LZsprTKwPCWG9pfWBlkElWFbvkP9BVR0dP1jS9xPdhaHQNK74Q==
  dependencies:
    jsonc-parser "^3.2.0"
    mlly "^0.5.14"
    pathe "^0.3.7"

postcss@^8.4.38:
  version "8.4.38"
  resolved "https://registry.npmjs.org/postcss/-/postcss-8.4.38.tgz"
  integrity sha512-Wglpdk03BSfXkHoQa3b/oulrotAkwrlLDRSOb9D0bN86FdRyE9lppSp33aHNPgBa0JKCoB+drFLZkQoRRYae5A==
  dependencies:
    nanoid "^3.3.7"
    picocolors "^1.0.0"
    source-map-js "^1.2.0"

queue-microtask@^1.2.2:
  version "1.2.3"
  resolved "https://registry.npmjs.org/queue-microtask/-/queue-microtask-1.2.3.tgz"
  integrity sha512-NuaNSa6flKT5JaSYQzJok04JzTL1CA6aGhv5rfLW3PgqA+M2ChpZQnAC8h8i4ZFkBS8X5RqkDBHA7r4hej3K9A==

readdirp@~3.6.0:
  version "3.6.0"
  resolved "https://registry.npmjs.org/readdirp/-/readdirp-3.6.0.tgz"
  integrity sha512-hOS089on8RduqdbhvQ5Z37A0ESjsqz6qnRcffsMU3495FuTdqSm+7bhJ29JvIOsBDEEnan5DPu9t3To9VRlMzA==
  dependencies:
    picomatch "^2.2.1"

reusify@^1.0.4:
  version "1.0.4"
  resolved "https://registry.npmjs.org/reusify/-/reusify-1.0.4.tgz"
  integrity sha512-U9nH88a3fc/ekCF1l0/UP1IosiuIjyTh7hBvXVMHYgVcfGvt897Xguj2UOLDeI5BG2m7/uwyaLVT6fbtCwTyzw==

rollup@^4.13.0:
  version "4.18.0"
  resolved "https://registry.npmjs.org/rollup/-/rollup-4.18.0.tgz"
  integrity sha512-QmJz14PX3rzbJCN1SG4Xe/bAAX2a6NpCP8ab2vfu2GiUr8AQcr2nCV/oEO3yneFarB67zk8ShlIyWb2LGTb3Sg==
  dependencies:
    "@types/estree" "1.0.5"
  optionalDependencies:
    "@rollup/rollup-android-arm-eabi" "4.18.0"
    "@rollup/rollup-android-arm64" "4.18.0"
    "@rollup/rollup-darwin-arm64" "4.18.0"
    "@rollup/rollup-darwin-x64" "4.18.0"
    "@rollup/rollup-linux-arm-gnueabihf" "4.18.0"
    "@rollup/rollup-linux-arm-musleabihf" "4.18.0"
    "@rollup/rollup-linux-arm64-gnu" "4.18.0"
    "@rollup/rollup-linux-arm64-musl" "4.18.0"
    "@rollup/rollup-linux-powerpc64le-gnu" "4.18.0"
    "@rollup/rollup-linux-riscv64-gnu" "4.18.0"
    "@rollup/rollup-linux-s390x-gnu" "4.18.0"
    "@rollup/rollup-linux-x64-gnu" "4.18.0"
    "@rollup/rollup-linux-x64-musl" "4.18.0"
    "@rollup/rollup-win32-arm64-msvc" "4.18.0"
    "@rollup/rollup-win32-ia32-msvc" "4.18.0"
    "@rollup/rollup-win32-x64-msvc" "4.18.0"
    fsevents "~2.3.2"

run-parallel@^1.1.9:
  version "1.2.0"
  resolved "https://registry.npmjs.org/run-parallel/-/run-parallel-1.2.0.tgz"
  integrity sha512-5l4VyZR86LZ/lDxZTR6jqL8AFE2S0IFLMP26AbjsLVADxHdhB/c0GUsH+y39UfCi3dzz8OlQuPmnaJOMoDHQBA==
  dependencies:
    queue-microtask "^1.2.2"

sass@*, sass@^1.37.5:
  version "1.55.0"
  resolved "https://registry.npmjs.org/sass/-/sass-1.55.0.tgz"
  integrity sha512-Pk+PMy7OGLs9WaxZGJMn7S96dvlyVBwwtToX895WmCpAOr5YiJYEUJfiJidMuKb613z2xNWcXCHEuOvjZbqC6A==
  dependencies:
    chokidar ">=3.0.0 <4.0.0"
    immutable "^4.0.0"
    source-map-js ">=0.6.2 <2.0.0"

scule@^0.3.2:
  version "0.3.2"
  resolved "https://registry.npmjs.org/scule/-/scule-0.3.2.tgz"
  integrity sha512-zIvPdjOH8fv8CgrPT5eqtxHQXmPNnV/vHJYffZhE43KZkvULvpCTvOt1HPlFaCZx287INL9qaqrZg34e8NgI4g==

source-map-js@^1.2.0, "source-map-js@>=0.6.2 <2.0.0":
  version "1.2.0"
  resolved "https://registry.npmjs.org/source-map-js/-/source-map-js-1.2.0.tgz"
  integrity sha512-itJW8lvSA0TXEphiRoawsCksnlf8SyvmFzIhltqAHluXd88pkCd+cXJVHTDwdCr0IzwptSm035IHQktUu1QUMg==

source-map@0.6.1:
  version "0.6.1"
  resolved "https://registry.npmjs.org/source-map/-/source-map-0.6.1.tgz"
  integrity sha512-UjgapumWlbMhkBgzT7Ykc5YXUT46F0iKu8SGXq0bcwP5dz/h0Plj6enJqjz1Zbq2l5WaqYnrVbwWOWMyF3F47g==

sourcemap-codec@^1.4.8:
  version "1.4.8"
  resolved "https://registry.npmjs.org/sourcemap-codec/-/sourcemap-codec-1.4.8.tgz"
  integrity sha512-9NykojV5Uih4lgo5So5dtw+f0JgJX30KCNI8gwhz2J9A15wD0Ml6tjHKwf6fTSa6fAdVBdZeNOs9eJ71qCk8vA==

statuses@~1.5.0:
  version "1.5.0"
  resolved "https://registry.npmjs.org/statuses/-/statuses-1.5.0.tgz"
  integrity sha512-OpZ3zP+jT1PI7I8nemJX4AKmAX070ZkYPVWV/AaKTJl+tXCTGyVdC1a4SL8RUQYEwk/f34ZX8UTykN68FwrqAA==

strip-literal@^0.4.0:
  version "0.4.2"
  resolved "https://registry.npmjs.org/strip-literal/-/strip-literal-0.4.2.tgz"
  integrity sha512-pv48ybn4iE1O9RLgCAN0iU4Xv7RlBTiit6DKmMiErbs9x1wH6vXBs45tWc0H5wUIF6TLTrKweqkmYF/iraQKNw==
  dependencies:
    acorn "^8.8.0"

supports-color@^7.1.0:
  version "7.2.0"
  resolved "https://registry.npmjs.org/supports-color/-/supports-color-7.2.0.tgz"
  integrity sha512-qpCAvRl9stuOHveKsn7HncJRvv501qIacKzQlO/+Lwxc9+0q2wLyv4Dfvt80/DPn2pqOBsJdDiogXGR9+OvwRw==
  dependencies:
    has-flag "^4.0.0"

to-regex-range@^5.0.1:
  version "5.0.1"
  resolved "https://registry.npmjs.org/to-regex-range/-/to-regex-range-5.0.1.tgz"
  integrity sha512-65P7iz6X5yEr1cwcgvQxbbIw7Uk3gOy5dIdtZ4rDveLqhrdJP+Li/Hx6tyK0NEb+2GCyneCMJiGqrADCSNk8sQ==
  dependencies:
    is-number "^7.0.0"

ufo@^0.8.5:
  version "0.8.5"
  resolved "https://registry.npmjs.org/ufo/-/ufo-0.8.5.tgz"
  integrity sha512-e4+UtA5IRO+ha6hYklwj6r7BjiGMxS0O+UaSg9HbaTefg4kMkzj4tXzEBajRR+wkxf+golgAWKzLbytCUDMJAA==

unimport@^0.6.7:
  version "0.6.7"
  resolved "https://registry.npmjs.org/unimport/-/unimport-0.6.7.tgz"
  integrity sha512-EMoVqDjswHkU+nD098QYHXH7Mkw7KwGDQAyeRF2lgairJnuO+wpkhIcmCqrD1OPJmsjkTbJ2tW6Ap8St0PuWZA==
  dependencies:
    "@rollup/pluginutils" "^4.2.1"
    escape-string-regexp "^5.0.0"
    fast-glob "^3.2.11"
    local-pkg "^0.4.2"
    magic-string "^0.26.2"
    mlly "^0.5.7"
    pathe "^0.3.3"
    scule "^0.3.2"
    strip-literal "^0.4.0"
    unplugin "^0.9.0"

universalify@^2.0.0:
  version "2.0.0"
  resolved "https://registry.npmjs.org/universalify/-/universalify-2.0.0.tgz"
  integrity sha512-hAZsKq7Yy11Zu1DE0OzWjw7nnLZmJZYTDZZyEFHZdUhV8FkH5MCfoU1XMaxXovpyW5nq5scPqq0ZDP9Zyl04oQ==

unpipe@~1.0.0:
  version "1.0.0"
  resolved "https://registry.npmjs.org/unpipe/-/unpipe-1.0.0.tgz"
  integrity sha512-pjy2bYhSsufwWlKwPc+l3cN7+wuJlK6uz0YdJEOlQDbl6jo/YlPi4mb8agUkVC8BF7V8NuzeyPNqRksA3hztKQ==

unplugin-auto-import@^0.11.2:
  version "0.11.2"
  resolved "https://registry.npmjs.org/unplugin-auto-import/-/unplugin-auto-import-0.11.2.tgz"
  integrity sha512-1+VwBfn9dtiYv9SQLKP1AvZolUbK9xTVeAT+iOcEk4EHSFUlmIqBVLEKI76cifSQTLOJ3rZyPrEgptf3SZNLlQ==
  dependencies:
    "@antfu/utils" "^0.5.2"
    "@rollup/pluginutils" "^4.2.1"
    local-pkg "^0.4.2"
    magic-string "^0.26.2"
    unimport "^0.6.7"
    unplugin "^0.9.3"

unplugin@^0.9.0, unplugin@^0.9.3:
  version "0.9.6"
  resolved "https://registry.npmjs.org/unplugin/-/unplugin-0.9.6.tgz"
  integrity sha512-YYLtfoNiie/lxswy1GOsKXgnLJTE27la/PeCGznSItk+8METYZErO+zzV9KQ/hXhPwzIJsfJ4s0m1Rl7ZCWZ4Q==
  dependencies:
    acorn "^8.8.0"
    chokidar "^3.5.3"
    webpack-sources "^3.2.3"
    webpack-virtual-modules "^0.4.5"

utils-merge@1.0.1:
  version "1.0.1"
  resolved "https://registry.npmjs.org/utils-merge/-/utils-merge-1.0.1.tgz"
  integrity sha512-pMZTvIkT1d+TFGvDOqodOclx0QWkkgi6Tdoa8gC8ffGAAqz9pzPTZWAybbsHHoED/ztMtkv/VoYTYyShUn81hA==

vite-plugin-compression@^0.5.1:
  version "0.5.1"
  resolved "https://registry.npmjs.org/vite-plugin-compression/-/vite-plugin-compression-0.5.1.tgz"
  integrity sha512-5QJKBDc+gNYVqL/skgFAP81Yuzo9R+EAf19d+EtsMF/i8kFUpNi3J/H01QD3Oo8zBQn+NzoCIFkpPLynoOzaJg==
  dependencies:
    chalk "^4.1.2"
    debug "^4.3.3"
    fs-extra "^10.0.0"

vite-plugin-mock@^3.0.2:
  version "3.0.2"
  resolved "https://registry.npmjs.org/vite-plugin-mock/-/vite-plugin-mock-3.0.2.tgz"
  integrity sha512-bD//HvkTygGmk+LsIAdf0jGNlCv4iWv0kZlH9UEgWT6QYoUwfjQAE4SKxHRw2tfLgVhbPQVv/+X3YlNWvueGUA==
  dependencies:
    bundle-require "^4.0.1"
    chokidar "^3.5.3"
    connect "^3.7.0"
    debug "^4.3.4"
    fast-glob "^3.2.12"
    path-to-regexp "^6.2.1"
    picocolors "^1.0.0"

vite-plugin-vue-setup-extend@^0.4.0:
  version "0.4.0"
  resolved "https://registry.npmjs.org/vite-plugin-vue-setup-extend/-/vite-plugin-vue-setup-extend-0.4.0.tgz"
  integrity sha512-WMbjPCui75fboFoUTHhdbXzu4Y/bJMv5N9QT9a7do3wNMNHHqrk+Tn2jrSJU0LS5fGl/EG+FEDBYVUeWIkDqXQ==
  dependencies:
    "@vue/compiler-sfc" "^3.2.29"
    magic-string "^0.25.7"

vite@^5.0.0, vite@^5.2.12, vite@>=2.0.0, vite@>=4.0.0:
  version "5.2.12"
  resolved "https://registry.npmjs.org/vite/-/vite-5.2.12.tgz"
  integrity sha512-/gC8GxzxMK5ntBwb48pR32GGhENnjtY30G4A0jemunsBkiEZFw60s8InGpN8gkhHEkjnRK1aSAxeQgwvFhUHAA==
  dependencies:
    esbuild "^0.20.1"
    postcss "^8.4.38"
    rollup "^4.13.0"
  optionalDependencies:
    fsevents "~2.3.3"

vue-demi@*:
  version "0.13.11"
  resolved "https://registry.npmjs.org/vue-demi/-/vue-demi-0.13.11.tgz"
  integrity sha512-IR8HoEEGM65YY3ZJYAjMlKygDQn25D5ajNFNoKh9RSDMQtlzCxtfQjdQgv9jjK+m3377SsJXY8ysq8kLCZL25A==

vue-i18n@^9.1.9:
  version "9.2.2"
  resolved "https://registry.npmjs.org/vue-i18n/-/vue-i18n-9.2.2.tgz"
  integrity sha512-yswpwtj89rTBhegUAv9Mu37LNznyu3NpyLQmozF3i1hYOhwpG8RjcjIFIIfnu+2MDZJGSZPXaKWvnQA71Yv9TQ==
  dependencies:
    "@intlify/core-base" "9.2.2"
    "@intlify/shared" "9.2.2"
    "@intlify/vue-devtools" "9.2.2"
    "@vue/devtools-api" "^6.2.1"

vue-router@^4.3.2:
  version "4.3.2"
  resolved "https://registry.npmjs.org/vue-router/-/vue-router-4.3.2.tgz"
  integrity sha512-hKQJ1vDAZ5LVkKEnHhmm1f9pMiWIBNGF5AwU67PdH7TyXCj/a4hTccuUuYCAMgJK6rO/NVYtQIEN3yL8CECa7Q==
  dependencies:
    "@vue/devtools-api" "^6.5.1"

vue@^3.0.0, "vue@^3.0.0-0 || ^2.6.0", vue@^3.2.0, vue@^3.2.25, vue@^3.4.27, vue@>=3.2.0, vue@3.4.27:
  version "3.4.27"
  resolved "https://registry.npmjs.org/vue/-/vue-3.4.27.tgz"
  integrity sha512-8s/56uK6r01r1icG/aEOHqyMVxd1bkYcSe9j8HcKtr/xTOFWvnzIVTehNW+5Yt89f+DLBe4A569pnZLS5HzAMA==
  dependencies:
    "@vue/compiler-dom" "3.4.27"
    "@vue/compiler-sfc" "3.4.27"
    "@vue/runtime-dom" "3.4.27"
    "@vue/server-renderer" "3.4.27"
    "@vue/shared" "3.4.27"

vuex@^4.1.0:
  version "4.1.0"
  resolved "https://registry.npmjs.org/vuex/-/vuex-4.1.0.tgz"
  integrity sha512-hmV6UerDrPcgbSy9ORAtNXDr9M4wlNP4pEFKye4ujJF8oqgFFuxDCdOLS3eNoRTtq5O3hoBDh9Doj1bQMYHRbQ==
  dependencies:
    "@vue/devtools-api" "^6.0.0-beta.11"

webpack-sources@^3.2.3:
  version "3.2.3"
  resolved "https://registry.npmjs.org/webpack-sources/-/webpack-sources-3.2.3.tgz"
  integrity sha512-/DyMEOrDgLKKIG0fmvtz+4dUX/3Ghozwgm6iPp8KRhvn+eQf9+Q7GWxVNMk3+uCPWfdXYC4ExGBckIXdFEfH1w==

webpack-virtual-modules@^0.4.5:
  version "0.4.5"
  resolved "https://registry.npmjs.org/webpack-virtual-modules/-/webpack-virtual-modules-0.4.5.tgz"
  integrity sha512-8bWq0Iluiv9lVf9YaqWQ9+liNgXSHICm+rg544yRgGYaR8yXZTVBaHZkINZSB2yZSWo4b0F6MIxqJezVfOEAlg==
